// !$*UTF8*$!
{
	archiveVersion = 1;
	classes = {
	};
	objectVersion = 48;
	objects = {

/* Begin PBXBuildFile section */
		01F724285B49D1F99529A140 /* Pods_Bloom.framework in Frameworks */ = {isa = PBXBuildFile; fileRef = FC51C5972F003DE7F8DB0AE9 /* Pods_Bloom.framework */; };
		8D8ACEFE202E82A4006CBBEB /* AppDelegate.swift in Sources */ = {isa = PBXBuildFile; fileRef = 8D8ACEFD202E82A4006CBBEB /* AppDelegate.swift */; };
		8D8ACF00202E82A4006CBBEB /* ViewController.swift in Sources */ = {isa = PBXBuildFile; fileRef = 8D8ACEFF202E82A4006CBBEB /* ViewController.swift */; };
		8D8ACF03202E82A4006CBBEB /* Main.storyboard in Resources */ = {isa = PBXBuildFile; fileRef = 8D8ACF01202E82A4006CBBEB /* Main.storyboard */; };
		8D8ACF05202E82A4006CBBEB /* Assets.xcassets in Resources */ = {isa = PBXBuildFile; fileRef = 8D8ACF04202E82A4006CBBEB /* Assets.xcassets */; };
		8D8ACF08202E82A4006CBBEB /* LaunchScreen.storyboard in Resources */ = {isa = PBXBuildFile; fileRef = 8D8ACF06202E82A4006CBBEB /* LaunchScreen.storyboard */; };
		8D8ACF10202E916C006CBBEB /* FlowerClassifier.mlmodel in Sources */ = {isa = PBXBuildFile; fileRef = 8D8ACF0F202E916C006CBBEB /* FlowerClassifier.mlmodel */; };
/* End PBXBuildFile section */

/* Begin PBXFileReference section */
		8D8ACEFA202E82A4006CBBEB /* Bloom.app */ = {isa = PBXFileReference; explicitFileType = wrapper.application; includeInIndex = 0; path = Bloom.app; sourceTree = BUILT_PRODUCTS_DIR; };
		8D8ACEFD202E82A4006CBBEB /* AppDelegate.swift */ = {isa = PBXFileReference; lastKnownFileType = sourcecode.swift; path = AppDelegate.swift; sourceTree = "<group>"; };
		8D8ACEFF202E82A4006CBBEB /* ViewController.swift */ = {isa = PBXFileReference; lastKnownFileType = sourcecode.swift; path = ViewController.swift; sourceTree = "<group>"; };
		8D8ACF02202E82A4006CBBEB /* Base */ = {isa = PBXFileReference; lastKnownFileType = file.storyboard; name = Base; path = Base.lproj/Main.storyboard; sourceTree = "<group>"; };
		8D8ACF04202E82A4006CBBEB /* Assets.xcassets */ = {isa = PBXFileReference; lastKnownFileType = folder.assetcatalog; path = Assets.xcassets; sourceTree = "<group>"; };
		8D8ACF07202E82A4006CBBEB /* Base */ = {isa = PBXFileReference; lastKnownFileType = file.storyboard; name = Base; path = Base.lproj/LaunchScreen.storyboard; sourceTree = "<group>"; };
		8D8ACF09202E82A4006CBBEB /* Info.plist */ = {isa = PBXFileReference; lastKnownFileType = text.plist.xml; path = Info.plist; sourceTree = "<group>"; };
		8D8ACF0F202E916C006CBBEB /* FlowerClassifier.mlmodel */ = {isa = PBXFileReference; lastKnownFileType = file.mlmodel; path = FlowerClassifier.mlmodel; sourceTree = "<group>"; };
		A05B46EE988693DB0E50CA65 /* Pods-Bloom.debug.xcconfig */ = {isa = PBXFileReference; includeInIndex = 1; lastKnownFileType = text.xcconfig; name = "Pods-Bloom.debug.xcconfig"; path = "Pods/Target Support Files/Pods-Bloom/Pods-Bloom.debug.xcconfig"; sourceTree = "<group>"; };
		EC76167BBFC6C4318B6365CD /* Pods-Bloom.release.xcconfig */ = {isa = PBXFileReference; includeInIndex = 1; lastKnownFileType = text.xcconfig; name = "Pods-Bloom.release.xcconfig"; path = "Pods/Target Support Files/Pods-Bloom/Pods-Bloom.release.xcconfig"; sourceTree = "<group>"; };
		FC51C5972F003DE7F8DB0AE9 /* Pods_Bloom.framework */ = {isa = PBXFileReference; explicitFileType = wrapper.framework; includeInIndex = 0; path = Pods_Bloom.framework; sourceTree = BUILT_PRODUCTS_DIR; };
/* End PBXFileReference section */

/* Begin PBXFrameworksBuildPhase section */
		8D8ACEF7202E82A4006CBBEB /* Frameworks */ = {
			isa = PBXFrameworksBuildPhase;
			buildActionMask = 2147483647;
			files = (
				01F724285B49D1F99529A140 /* Pods_Bloom.framework in Frameworks */,
			);
			runOnlyForDeploymentPostprocessing = 0;
		};
/* End PBXFrameworksBuildPhase section */

/* Begin PBXGroup section */
		0E79936D53D83910A798392F /* Pods */ = {
			isa = PBXGroup;
			children = (
				A05B46EE988693DB0E50CA65 /* Pods-Bloom.debug.xcconfig */,
				EC76167BBFC6C4318B6365CD /* Pods-Bloom.release.xcconfig */,
			);
			name = Pods;
			sourceTree = "<group>";
		};
		1D144C15FD5F0D20687E130F /* Frameworks */ = {
			isa = PBXGroup;
			children = (
				FC51C5972F003DE7F8DB0AE9 /* Pods_Bloom.framework */,
			);
			name = Frameworks;
			sourceTree = "<group>";
		};
		8D8ACEF1202E82A4006CBBEB = {
			isa = PBXGroup;
			children = (
				8D8ACEFC202E82A4006CBBEB /* Bloom */,
				8D8ACEFB202E82A4006CBBEB /* Products */,
				0E79936D53D83910A798392F /* Pods */,
				1D144C15FD5F0D20687E130F /* Frameworks */,
			);
			sourceTree = "<group>";
		};
		8D8ACEFB202E82A4006CBBEB /* Products */ = {
			isa = PBXGroup;
			children = (
				8D8ACEFA202E82A4006CBBEB /* Bloom.app */,
			);
			name = Products;
			sourceTree = "<group>";
		};
		8D8ACEFC202E82A4006CBBEB /* Bloom */ = {
			isa = PBXGroup;
			children = (
				8D8ACEFD202E82A4006CBBEB /* AppDelegate.swift */,
				8D8ACEFF202E82A4006CBBEB /* ViewController.swift */,
				8D8ACF01202E82A4006CBBEB /* Main.storyboard */,
				8D8ACF04202E82A4006CBBEB /* Assets.xcassets */,
				8D8ACF06202E82A4006CBBEB /* LaunchScreen.storyboard */,
				8D8ACF0F202E916C006CBBEB /* FlowerClassifier.mlmodel */,
				8D8ACF09202E82A4006CBBEB /* Info.plist */,
			);
			path = Bloom;
			sourceTree = "<group>";
		};
/* End PBXGroup section */

/* Begin PBXNativeTarget section */
		8D8ACEF9202E82A4006CBBEB /* Bloom */ = {
			isa = PBXNativeTarget;
			buildConfigurationList = 8D8ACF0C202E82A4006CBBEB /* Build configuration list for PBXNativeTarget "Bloom" */;
			buildPhases = (
				3F989828B3F3E14516886FA9 /* [CP] Check Pods Manifest.lock */,
				8D8ACEF6202E82A4006CBBEB /* Sources */,
				8D8ACEF7202E82A4006CBBEB /* Frameworks */,
				8D8ACEF8202E82A4006CBBEB /* Resources */,
				3E2AD0E5B75E98A68CF5FD14 /* [CP] Embed Pods Frameworks */,
				6EC9D056F40FC5555F941E73 /* [CP] Copy Pods Resources */,
			);
			buildRules = (
			);
			dependencies = (
			);
			name = Bloom;
			productName = Bloom;
			productReference = 8D8ACEFA202E82A4006CBBEB /* Bloom.app */;
			productType = "com.apple.product-type.application";
		};
/* End PBXNativeTarget section */

/* Begin PBXProject section */
		8D8ACEF2202E82A4006CBBEB /* Project object */ = {
			isa = PBXProject;
			attributes = {
				LastSwiftUpdateCheck = 0920;
				LastUpgradeCheck = 0920;
				ORGANIZATIONNAME = foxberryfields;
				TargetAttributes = {
					8D8ACEF9202E82A4006CBBEB = {
						CreatedOnToolsVersion = 9.2;
						ProvisioningStyle = Automatic;
					};
				};
			};
			buildConfigurationList = 8D8ACEF5202E82A4006CBBEB /* Build configuration list for PBXProject "Bloom" */;
			compatibilityVersion = "Xcode 8.0";
			developmentRegion = en;
			hasScannedForEncodings = 0;
			knownRegions = (
				en,
				Base,
			);
			mainGroup = 8D8ACEF1202E82A4006CBBEB;
			productRefGroup = 8D8ACEFB202E82A4006CBBEB /* Products */;
			projectDirPath = "";
			projectRoot = "";
			targets = (
				8D8ACEF9202E82A4006CBBEB /* Bloom */,
			);
		};
/* End PBXProject section */

/* Begin PBXResourcesBuildPhase section */
		8D8ACEF8202E82A4006CBBEB /* Resources */ = {
			isa = PBXResourcesBuildPhase;
			buildActionMask = 2147483647;
			files = (
				8D8ACF08202E82A4006CBBEB /* LaunchScreen.storyboard in Resources */,
				8D8ACF05202E82A4006CBBEB /* Assets.xcassets in Resources */,
				8D8ACF03202E82A4006CBBEB /* Main.storyboard in Resources */,
			);
			runOnlyForDeploymentPostprocessing = 0;
		};
/* End PBXResourcesBuildPhase section */

/* Begin PBXShellScriptBuildPhase section */
		3E2AD0E5B75E98A68CF5FD14 /* [CP] Embed Pods Frameworks */ = {
			isa = PBXShellScriptBuildPhase;
			buildActionMask = 2147483647;
			files = (
			);
			inputPaths = (
				"${SRCROOT}/Pods/Target Support Files/Pods-Bloom/Pods-Bloom-frameworks.sh",
				"${BUILT_PRODUCTS_DIR}/Alamofire/Alamofire.framework",
				"${BUILT_PRODUCTS_DIR}/SDWebImage/SDWebImage.framework",
				"${BUILT_PRODUCTS_DIR}/SwiftyJSON/SwiftyJSON.framework",
			);
			name = "[CP] Embed Pods Frameworks";
			outputPaths = (
				"${TARGET_BUILD_DIR}/${FRAMEWORKS_FOLDER_PATH}/Alamofire.framework",
				"${TARGET_BUILD_DIR}/${FRAMEWORKS_FOLDER_PATH}/SDWebImage.framework",
				"${TARGET_BUILD_DIR}/${FRAMEWORKS_FOLDER_PATH}/SwiftyJSON.framework",
			);
			runOnlyForDeploymentPostprocessing = 0;
			shellPath = /bin/sh;
			shellScript = "\"${SRCROOT}/Pods/Target Support Files/Pods-Bloom/Pods-Bloom-frameworks.sh\"\n";
			showEnvVarsInLog = 0;
		};
		3F989828B3F3E14516886FA9 /* [CP] Check Pods Manifest.lock */ = {
			isa = PBXShellScriptBuildPhase;
			buildActionMask = 2147483647;
			files = (
			);
			inputPaths = (
				"${PODS_PODFILE_DIR_PATH}/Podfile.lock",
				"${PODS_ROOT}/Manifest.lock",
			);
			name = "[CP] Check Pods Manifest.lock";
			outputPaths = (
				"$(DERIVED_FILE_DIR)/Pods-Bloom-checkManifestLockResult.txt",
			);
			runOnlyForDeploymentPostprocessing = 0;
			shellPath = /bin/sh;
			shellScript = "diff \"${PODS_PODFILE_DIR_PATH}/Podfile.lock\" \"${PODS_ROOT}/Manifest.lock\" > /dev/null\nif [ $? != 0 ] ; then\n    # print error to STDERR\n    echo \"error: The sandbox is not in sync with the Podfile.lock. Run 'pod install' or update your CocoaPods installation.\" >&2\n    exit 1\nfi\n# This output is used by Xcode 'outputs' to avoid re-running this script phase.\necho \"SUCCESS\" > \"${SCRIPT_OUTPUT_FILE_0}\"\n";
			showEnvVarsInLog = 0;
		};
		6EC9D056F40FC5555F941E73 /* [CP] Copy Pods Resources */ = {
			isa = PBXShellScriptBuildPhase;
			buildActionMask = 2147483647;
			files = (
			);
			inputPaths = (
			);
			name = "[CP] Copy Pods Resources";
			outputPaths = (
			);
			runOnlyForDeploymentPostprocessing = 0;
			shellPath = /bin/sh;
			shellScript = "\"${SRCROOT}/Pods/Target Support Files/Pods-Bloom/Pods-Bloom-resources.sh\"\n";
			showEnvVarsInLog = 0;
		};
/* End PBXShellScriptBuildPhase section */

/* Begin PBXSourcesBuildPhase section */
		8D8ACEF6202E82A4006CBBEB /* Sources */ = {
			isa = PBXSourcesBuildPhase;
			buildActionMask = 2147483647;
			files = (
				8D8ACF10202E916C006CBBEB /* FlowerClassifier.mlmodel in Sources */,
				8D8ACF00202E82A4006CBBEB /* ViewController.swift in Sources */,
				8D8ACEFE202E82A4006CBBEB /* AppDelegate.swift in Sources */,
			);
			runOnlyForDeploymentPostprocessing = 0;
		};
/* End PBXSourcesBuildPhase section */

/* Begin PBXVariantGroup section */
		8D8ACF01202E82A4006CBBEB /* Main.storyboard */ = {
			isa = PBXVariantGroup;
			children = (
				8D8ACF02202E82A4006CBBEB /* Base */,
			);
			name = Main.storyboard;
			sourceTree = "<group>";
		};
		8D8ACF06202E82A4006CBBEB /* LaunchScreen.storyboard */ = {
			isa = PBXVariantGroup;
			children = (
				8D8ACF07202E82A4006CBBEB /* Base */,
			);
			name = LaunchScreen.storyboard;
			sourceTree = "<group>";
		};
/* End PBXVariantGroup section */

/* Begin XCBuildConfiguration section */
		8D8ACF0A202E82A4006CBBEB /* Debug */ = {
			isa = XCBuildConfiguration;
			buildSettings = {
				ALWAYS_SEARCH_USER_PATHS = NO;
				CLANG_ANALYZER_NONNULL = YES;
				CLANG_ANALYZER_NUMBER_OBJECT_CONVERSION = YES_AGGRESSIVE;
				CLANG_CXX_LANGUAGE_STANDARD = "gnu++14";
				CLANG_CXX_LIBRARY = "libc++";
				CLANG_ENABLE_MODULES = YES;
				CLANG_ENABLE_OBJC_ARC = YES;
				CLANG_WARN_BLOCK_CAPTURE_AUTORELEASING = YES;
				CLANG_WARN_BOOL_CONVERSION = YES;
				CLANG_WARN_COMMA = YES;
				CLANG_WARN_CONSTANT_CONVERSION = YES;
				CLANG_WARN_DIRECT_OBJC_ISA_USAGE = YES_ERROR;
				CLANG_WARN_DOCUMENTATION_COMMENTS = YES;
				CLANG_WARN_EMPTY_BODY = YES;
				CLANG_WARN_ENUM_CONVERSION = YES;
				CLANG_WARN_INFINITE_RECURSION = YES;
				CLANG_WARN_INT_CONVERSION = YES;
				CLANG_WARN_NON_LITERAL_NULL_CONVERSION = YES;
				CLANG_WARN_OBJC_LITERAL_CONVERSION = YES;
				CLANG_WARN_OBJC_ROOT_CLASS = YES_ERROR;
				CLANG_WARN_RANGE_LOOP_ANALYSIS = YES;
				CLANG_WARN_STRICT_PROTOTYPES = YES;
				CLANG_WARN_SUSPICIOUS_MOVE = YES;
				CLANG_WARN_UNGUARDED_AVAILABILITY = YES_AGGRESSIVE;
				CLANG_WARN_UNREACHABLE_CODE = YES;
				CLANG_WARN__DUPLICATE_METHOD_MATCH = YES;
				CODE_SIGN_IDENTITY = "iPhone Developer";
				COPY_PHASE_STRIP = NO;
				DEBUG_INFORMATION_FORMAT = dwarf;
				ENABLE_STRICT_OBJC_MSGSEND = YES;
				ENABLE_TESTABILITY = YES;
				GCC_C_LANGUAGE_STANDARD = gnu11;
				GCC_DYNAMIC_NO_PIC = NO;
				GCC_NO_COMMON_BLOCKS = YES;
				GCC_OPTIMIZATION_LEVEL = 0;
				GCC_PREPROCESSOR_DEFINITIONS = (
					"DEBUG=1",
					"$(inherited)",
				);
				GCC_WARN_64_TO_32_BIT_CONVERSION = YES;
				GCC_WARN_ABOUT_RETURN_TYPE = YES_ERROR;
				GCC_WARN_UNDECLARED_SELECTOR = YES;
				GCC_WARN_UNINITIALIZED_AUTOS = YES_AGGRESSIVE;
				GCC_WARN_UNUSED_FUNCTION = YES;
				GCC_WARN_UNUSED_VARIABLE = YES;
				IPHONEOS_DEPLOYMENT_TARGET = 11.2;
				MTL_ENABLE_DEBUG_INFO = YES;
				ONLY_ACTIVE_ARCH = YES;
				SDKROOT = iphoneos;
				SWIFT_ACTIVE_COMPILATION_CONDITIONS = DEBUG;
				SWIFT_OPTIMIZATION_LEVEL = "-Onone";
			};
			name = Debug;
		};
		8D8ACF0B202E82A4006CBBEB /* Release */ = {
			isa = XCBuildConfiguration;
			buildSettings = {
				ALWAYS_SEARCH_USER_PATHS = NO;
				CLANG_ANALYZER_NONNULL = YES;
				CLANG_ANALYZER_NUMBER_OBJECT_CONVERSION = YES_AGGRESSIVE;
				CLANG_CXX_LANGUAGE_STANDARD = "gnu++14";
				CLANG_CXX_LIBRARY = "libc++";
				CLANG_ENABLE_MODULES = YES;
				CLANG_ENABLE_OBJC_ARC = YES;
				CLANG_WARN_BLOCK_CAPTURE_AUTORELEASING = YES;
				CLANG_WARN_BOOL_CONVERSION = YES;
				CLANG_WARN_COMMA = YES;
				CLANG_WARN_CONSTANT_CONVERSION = YES;
				CLANG_WARN_DIRECT_OBJC_ISA_USAGE = YES_ERROR;
				CLANG_WARN_DOCUMENTATION_COMMENTS = YES;
				CLANG_WARN_EMPTY_BODY = YES;
				CLANG_WARN_ENUM_CONVERSION = YES;
				CLANG_WARN_INFINITE_RECURSION = YES;
				CLANG_WARN_INT_CONVERSION = YES;
				CLANG_WARN_NON_LITERAL_NULL_CONVERSION = YES;
				CLANG_WARN_OBJC_LITERAL_CONVERSION = YES;
				CLANG_WARN_OBJC_ROOT_CLASS = YES_ERROR;
				CLANG_WARN_RANGE_LOOP_ANALYSIS = YES;
				CLANG_WARN_STRICT_PROTOTYPES = YES;
				CLANG_WARN_SUSPICIOUS_MOVE = YES;
				CLANG_WARN_UNGUARDED_AVAILABILITY = YES_AGGRESSIVE;
				CLANG_WARN_UNREACHABLE_CODE = YES;
				CLANG_WARN__DUPLICATE_METHOD_MATCH = YES;
				CODE_SIGN_IDENTITY = "iPhone Developer";
				COPY_PHASE_STRIP = NO;
				DEBUG_INFORMATION_FORMAT = "dwarf-with-dsym";
				ENABLE_NS_ASSERTIONS = NO;
				ENABLE_STRICT_OBJC_MSGSEND = YES;
				GCC_C_LANGUAGE_STANDARD = gnu11;
				GCC_NO_COMMON_BLOCKS = YES;
				GCC_WARN_64_TO_32_BIT_CONVERSION = YES;
				GCC_WARN_ABOUT_RETURN_TYPE = YES_ERROR;
				GCC_WARN_UNDECLARED_SELECTOR = YES;
				GCC_WARN_UNINITIALIZED_AUTOS = YES_AGGRESSIVE;
				GCC_WARN_UNUSED_FUNCTION = YES;
				GCC_WARN_UNUSED_VARIABLE = YES;
				IPHONEOS_DEPLOYMENT_TARGET = 11.2;
				MTL_ENABLE_DEBUG_INFO = NO;
				SDKROOT = iphoneos;
				SWIFT_OPTIMIZATION_LEVEL = "-Owholemodule";
				VALIDATE_PRODUCT = YES;
			};
			name = Release;
		};
		8D8ACF0D202E82A4006CBBEB /* Debug */ = {
			isa = XCBuildConfiguration;
			baseConfigurationReference = A05B46EE988693DB0E50CA65 /* Pods-Bloom.debug.xcconfig */;
			buildSettings = {
				ASSETCATALOG_COMPILER_APPICON_NAME = AppIcon;
				CODE_SIGN_STYLE = Automatic;
				DEVELOPMENT_TEAM = 4HN6T9DZP9;
				INFOPLIST_FILE = Bloom/Info.plist;
				LD_RUNPATH_SEARCH_PATHS = "$(inherited) @executable_path/Frameworks";
				PRODUCT_BUNDLE_IDENTIFIER = com.foxberryfields.Bloom;
				PRODUCT_NAME = "$(TARGET_NAME)";
				SWIFT_VERSION = 4.0;
				TARGETED_DEVICE_FAMILY = "1,2";
			};
			name = Debug;
		};
		8D8ACF0E202E82A4006CBBEB /* Release */ = {
			isa = XCBuildConfiguration;
			baseConfigurationReference = EC76167BBFC6C4318B6365CD /* Pods-Bloom.release.xcconfig */;
			buildSettings = {
				ASSETCATALOG_COMPILER_APPICON_NAME = AppIcon;
				CODE_SIGN_STYLE = Automatic;
				DEVELOPMENT_TEAM = 4HN6T9DZP9;
				INFOPLIST_FILE = Bloom/Info.plist;
				LD_RUNPATH_SEARCH_PATHS = "$(inherited) @executable_path/Frameworks";
				PRODUCT_BUNDLE_IDENTIFIER = com.foxberryfields.Bloom;
				PRODUCT_NAME = "$(TARGET_NAME)";
				SWIFT_VERSION = 4.0;
				TARGETED_DEVICE_FAMILY = "1,2";
			};
			name = Release;
		};
/* End XCBuildConfiguration section */

/* Begin XCConfigurationList section */
		8D8ACEF5202E82A4006CBBEB /* Build configuration list for PBXProject "Bloom" */ = {
			isa = XCConfigurationList;
			buildConfigurations = (
				8D8ACF0A202E82A4006CBBEB /* Debug */,
				8D8ACF0B202E82A4006CBBEB /* Release */,
			);
			defaultConfigurationIsVisible = 0;
			defaultConfigurationName = Release;
		};
		8D8ACF0C202E82A4006CBBEB /* Build configuration list for PBXNativeTarget "Bloom" */ = {
			isa = XCConfigurationList;
			buildConfigurations = (
				8D8ACF0D202E82A4006CBBEB /* Debug */,
				8D8ACF0E202E82A4006CBBEB /* Release */,
			);
			defaultConfigurationIsVisible = 0;
			defaultConfigurationName = Release;
		};
/* End XCConfigurationList section */
	};
	rootObject = 8D8ACEF2202E82A4006CBBEB /* Project object */;
}
